
Microsoft Visual Studio Solution File, Format Version 12.00
# Visual Studio Version 17
VisualStudioVersion = 17.4.33213.308
MinimumVisualStudioVersion = 10.0.40219.1
Project("{FAE04EC0-301F-11D3-BF4B-00C04F79EFBC}") = "ShopBanMyPham", "ShopBanMyPham\ShopBanMyPham.csproj", "{F1D2E3ED-F6DD-4BA6-ABA7-B8DCD2E6DAB1}"
EndProject
Global
	GlobalSection(SolutionConfigurationPlatforms) = preSolution
		Debug|Any CPU = Debug|Any CPU
		Release|Any CPU = Release|Any CPU
	EndGlobalSection
	GlobalSection(ProjectConfigurationPlatforms) = postSolution
		{F1D2E3ED-F6DD-4BA6-ABA7-B8DCD2E6DAB1}.Debug|Any CPU.ActiveCfg = Debug|Any CPU
		{F1D2E3ED-F6DD-4BA6-ABA7-B8DCD2E6DAB1}.Debug|Any CPU.Build.0 = Debug|Any CPU
		{F1D2E3ED-F6DD-4BA6-ABA7-B8DCD2E6DAB1}.Release|Any CPU.ActiveCfg = Release|Any CPU
		{F1D2E3ED-F6DD-4BA6-ABA7-B8DCD2E6DAB1}.Release|Any CPU.Build.0 = Release|Any CPU
	EndGlobalSection
	GlobalSection(SolutionProperties) = preSolution
		HideSolutionNode = FALSE
	EndGlobalSection
	GlobalSection(ExtensibilityGlobals) = postSolution
		SolutionGuid = {B11BD4FF-19A5-4E07-B7A8-DD4546336BA9}
	EndGlobalSection
EndGlobal
